
Microsoft Visual Studio Solution File, Format Version 12.00
# Visual Studio Version 16
VisualStudioVersion = 16.0.28803.202
MinimumVisualStudioVersion = 10.0.40219.1
Project("{FAE04EC0-301F-11D3-BF4B-00C04F79EFBC}") = "MultiThreadSorting", "MultiThreadSorting\MultiThreadSorting.csproj", "{88692489-7ABC-47EE-94EE-03AA3D57A52F}"
EndProject
Global
	GlobalSection(SolutionConfigurationPlatforms) = preSolution
		Debug|Any CPU = Debug|Any CPU
		Release|Any CPU = Release|Any CPU
	EndGlobalSection
	GlobalSection(ProjectConfigurationPlatforms) = postSolution
		{88692489-7ABC-47EE-94EE-03AA3D57A52F}.Debug|Any CPU.ActiveCfg = Debug|Any CPU
		{88692489-7ABC-47EE-94EE-03AA3D57A52F}.Debug|Any CPU.Build.0 = Debug|Any CPU
		{88692489-7ABC-47EE-94EE-03AA3D57A52F}.Release|Any CPU.ActiveCfg = Release|Any CPU
		{88692489-7ABC-47EE-94EE-03AA3D57A52F}.Release|Any CPU.Build.0 = Release|Any CPU
	EndGlobalSection
	GlobalSection(SolutionProperties) = preSolution
		HideSolutionNode = FALSE
	EndGlobalSection
	GlobalSection(ExtensibilityGlobals) = postSolution
		SolutionGuid = {3EFF91CE-492F-41A4-8FB2-1787BC852928}
	EndGlobalSection
EndGlobal
